// !$*UTF8*$!
{
	archiveVersion = 1;
	classes = {
	};
	objectVersion = 50;
	objects = {

/* Begin PBXBuildFile section */
		6CAC420925143D180065C3F9 /* AppDelegate.swift in Sources */ = {isa = PBXBuildFile; fileRef = 6CAC420825143D180065C3F9 /* AppDelegate.swift */; };
		6CAC420B25143D180065C3F9 /* SceneDelegate.swift in Sources */ = {isa = PBXBuildFile; fileRef = 6CAC420A25143D180065C3F9 /* SceneDelegate.swift */; };
		6CAC420D25143D180065C3F9 /* ViewController.swift in Sources */ = {isa = PBXBuildFile; fileRef = 6CAC420C25143D180065C3F9 /* ViewController.swift */; };
		6CAC421025143D180065C3F9 /* Main.storyboard in Resources */ = {isa = PBXBuildFile; fileRef = 6CAC420E25143D180065C3F9 /* Main.storyboard */; };
		6CAC421225143D1A0065C3F9 /* Assets.xcassets in Resources */ = {isa = PBXBuildFile; fileRef = 6CAC421125143D1A0065C3F9 /* Assets.xcassets */; };
		6CAC421525143D1A0065C3F9 /* LaunchScreen.storyboard in Resources */ = {isa = PBXBuildFile; fileRef = 6CAC421325143D1A0065C3F9 /* LaunchScreen.storyboard */; };
		6CAC422E251447DE0065C3F9 /* icon01.png in Resources */ = {isa = PBXBuildFile; fileRef = 6CAC421D251447DD0065C3F9 /* icon01.png */; };
		6CAC422F251447DE0065C3F9 /* yellowheart.png in Resources */ = {isa = PBXBuildFile; fileRef = 6CAC421E251447DD0065C3F9 /* yellowheart.png */; };
		6CAC4230251447DE0065C3F9 /* icon02.png in Resources */ = {isa = PBXBuildFile; fileRef = 6CAC421F251447DD0065C3F9 /* icon02.png */; };
		6CAC4231251447DE0065C3F9 /* profile.jpg in Resources */ = {isa = PBXBuildFile; fileRef = 6CAC4220251447DD0065C3F9 /* profile.jpg */; };
		6CAC4232251447DE0065C3F9 /* icon05.png in Resources */ = {isa = PBXBuildFile; fileRef = 6CAC4221251447DD0065C3F9 /* icon05.png */; };
		6CAC4233251447DE0065C3F9 /* warning.png in Resources */ = {isa = PBXBuildFile; fileRef = 6CAC4222251447DD0065C3F9 /* warning.png */; };
		6CAC4234251447DE0065C3F9 /* idea.png in Resources */ = {isa = PBXBuildFile; fileRef = 6CAC4223251447DD0065C3F9 /* idea.png */; };
		6CAC4235251447DE0065C3F9 /* sidemenu.png in Resources */ = {isa = PBXBuildFile; fileRef = 6CAC4224251447DD0065C3F9 /* sidemenu.png */; };
		6CAC4236251447DE0065C3F9 /* icon03.png in Resources */ = {isa = PBXBuildFile; fileRef = 6CAC4225251447DD0065C3F9 /* icon03.png */; };
		6CAC4237251447DE0065C3F9 /* arrow-back@2x.png in Resources */ = {isa = PBXBuildFile; fileRef = 6CAC4226251447DD0065C3F9 /* arrow-back@2x.png */; };
		6CAC4238251447DE0065C3F9 /* rating5@2x.png in Resources */ = {isa = PBXBuildFile; fileRef = 6CAC4227251447DD0065C3F9 /* rating5@2x.png */; };
		6CAC4239251447DE0065C3F9 /* icon04.png in Resources */ = {isa = PBXBuildFile; fileRef = 6CAC4228251447DD0065C3F9 /* icon04.png */; };
		6CAC423A251447DE0065C3F9 /* more.png in Resources */ = {isa = PBXBuildFile; fileRef = 6CAC4229251447DD0065C3F9 /* more.png */; };
		6CAC423B251447DE0065C3F9 /* message.png in Resources */ = {isa = PBXBuildFile; fileRef = 6CAC422A251447DD0065C3F9 /* message.png */; };
		6CAC423C251447DE0065C3F9 /* icon06.png in Resources */ = {isa = PBXBuildFile; fileRef = 6CAC422B251447DD0065C3F9 /* icon06.png */; };
		6CAC423D251447DE0065C3F9 /* heart.png in Resources */ = {isa = PBXBuildFile; fileRef = 6CAC422C251447DD0065C3F9 /* heart.png */; };
		6CAC423E251447DE0065C3F9 /* korea.png in Resources */ = {isa = PBXBuildFile; fileRef = 6CAC422D251447DD0065C3F9 /* korea.png */; };
		6CAC4240251457FA0065C3F9 /* ListVC.swift in Sources */ = {isa = PBXBuildFile; fileRef = 6CAC423F251457FA0065C3F9 /* ListVC.swift */; };
		6CAC4242251467DE0065C3F9 /* CustomTabBarController.swift in Sources */ = {isa = PBXBuildFile; fileRef = 6CAC4241251467DE0065C3F9 /* CustomTabBarController.swift */; };
		6CAC4244251481960065C3F9 /* CustomNavigationBar.swift in Sources */ = {isa = PBXBuildFile; fileRef = 6CAC4243251481960065C3F9 /* CustomNavigationBar.swift */; };
/* End PBXBuildFile section */

/* Begin PBXFileReference section */
		6CAC420525143D180065C3F9 /* UICustomizing.app */ = {isa = PBXFileReference; explicitFileType = wrapper.application; includeInIndex = 0; path = UICustomizing.app; sourceTree = BUILT_PRODUCTS_DIR; };
		6CAC420825143D180065C3F9 /* AppDelegate.swift */ = {isa = PBXFileReference; lastKnownFileType = sourcecode.swift; path = AppDelegate.swift; sourceTree = "<group>"; };
		6CAC420A25143D180065C3F9 /* SceneDelegate.swift */ = {isa = PBXFileReference; lastKnownFileType = sourcecode.swift; path = SceneDelegate.swift; sourceTree = "<group>"; };
		6CAC420C25143D180065C3F9 /* ViewController.swift */ = {isa = PBXFileReference; lastKnownFileType = sourcecode.swift; path = ViewController.swift; sourceTree = "<group>"; };
		6CAC420F25143D180065C3F9 /* Base */ = {isa = PBXFileReference; lastKnownFileType = file.storyboard; name = Base; path = Base.lproj/Main.storyboard; sourceTree = "<group>"; };
		6CAC421125143D1A0065C3F9 /* Assets.xcassets */ = {isa = PBXFileReference; lastKnownFileType = folder.assetcatalog; path = Assets.xcassets; sourceTree = "<group>"; };
		6CAC421425143D1A0065C3F9 /* Base */ = {isa = PBXFileReference; lastKnownFileType = file.storyboard; name = Base; path = Base.lproj/LaunchScreen.storyboard; sourceTree = "<group>"; };
		6CAC421625143D1A0065C3F9 /* Info.plist */ = {isa = PBXFileReference; lastKnownFileType = text.plist.xml; path = Info.plist; sourceTree = "<group>"; };
		6CAC421D251447DD0065C3F9 /* icon01.png */ = {isa = PBXFileReference; lastKnownFileType = image.png; path = icon01.png; sourceTree = "<group>"; };
		6CAC421E251447DD0065C3F9 /* yellowheart.png */ = {isa = PBXFileReference; lastKnownFileType = image.png; path = yellowheart.png; sourceTree = "<group>"; };
		6CAC421F251447DD0065C3F9 /* icon02.png */ = {isa = PBXFileReference; lastKnownFileType = image.png; path = icon02.png; sourceTree = "<group>"; };
		6CAC4220251447DD0065C3F9 /* profile.jpg */ = {isa = PBXFileReference; lastKnownFileType = image.jpeg; path = profile.jpg; sourceTree = "<group>"; };
		6CAC4221251447DD0065C3F9 /* icon05.png */ = {isa = PBXFileReference; lastKnownFileType = image.png; path = icon05.png; sourceTree = "<group>"; };
		6CAC4222251447DD0065C3F9 /* warning.png */ = {isa = PBXFileReference; lastKnownFileType = image.png; path = warning.png; sourceTree = "<group>"; };
		6CAC4223251447DD0065C3F9 /* idea.png */ = {isa = PBXFileReference; lastKnownFileType = image.png; path = idea.png; sourceTree = "<group>"; };
		6CAC4224251447DD0065C3F9 /* sidemenu.png */ = {isa = PBXFileReference; lastKnownFileType = image.png; path = sidemenu.png; sourceTree = "<group>"; };
		6CAC4225251447DD0065C3F9 /* icon03.png */ = {isa = PBXFileReference; lastKnownFileType = image.png; path = icon03.png; sourceTree = "<group>"; };
		6CAC4226251447DD0065C3F9 /* arrow-back@2x.png */ = {isa = PBXFileReference; lastKnownFileType = image.png; path = "arrow-back@2x.png"; sourceTree = "<group>"; };
		6CAC4227251447DD0065C3F9 /* rating5@2x.png */ = {isa = PBXFileReference; lastKnownFileType = image.png; path = "rating5@2x.png"; sourceTree = "<group>"; };
		6CAC4228251447DD0065C3F9 /* icon04.png */ = {isa = PBXFileReference; lastKnownFileType = image.png; path = icon04.png; sourceTree = "<group>"; };
		6CAC4229251447DD0065C3F9 /* more.png */ = {isa = PBXFileReference; lastKnownFileType = image.png; path = more.png; sourceTree = "<group>"; };
		6CAC422A251447DD0065C3F9 /* message.png */ = {isa = PBXFileReference; lastKnownFileType = image.png; path = message.png; sourceTree = "<group>"; };
		6CAC422B251447DD0065C3F9 /* icon06.png */ = {isa = PBXFileReference; lastKnownFileType = image.png; path = icon06.png; sourceTree = "<group>"; };
		6CAC422C251447DD0065C3F9 /* heart.png */ = {isa = PBXFileReference; lastKnownFileType = image.png; path = heart.png; sourceTree = "<group>"; };
		6CAC422D251447DD0065C3F9 /* korea.png */ = {isa = PBXFileReference; lastKnownFileType = image.png; path = korea.png; sourceTree = "<group>"; };
		6CAC423F251457FA0065C3F9 /* ListVC.swift */ = {isa = PBXFileReference; lastKnownFileType = sourcecode.swift; path = ListVC.swift; sourceTree = "<group>"; };
		6CAC4241251467DE0065C3F9 /* CustomTabBarController.swift */ = {isa = PBXFileReference; lastKnownFileType = sourcecode.swift; path = CustomTabBarController.swift; sourceTree = "<group>"; };
		6CAC4243251481960065C3F9 /* CustomNavigationBar.swift */ = {isa = PBXFileReference; lastKnownFileType = sourcecode.swift; path = CustomNavigationBar.swift; sourceTree = "<group>"; };
/* End PBXFileReference section */

/* Begin PBXFrameworksBuildPhase section */
		6CAC420225143D180065C3F9 /* Frameworks */ = {
			isa = PBXFrameworksBuildPhase;
			buildActionMask = 2147483647;
			files = (
			);
			runOnlyForDeploymentPostprocessing = 0;
		};
/* End PBXFrameworksBuildPhase section */

/* Begin PBXGroup section */
		6CAC41FC25143D170065C3F9 = {
			isa = PBXGroup;
			children = (
				6CAC420725143D180065C3F9 /* UICustomizing */,
				6CAC420625143D180065C3F9 /* Products */,
			);
			sourceTree = "<group>";
		};
		6CAC420625143D180065C3F9 /* Products */ = {
			isa = PBXGroup;
			children = (
				6CAC420525143D180065C3F9 /* UICustomizing.app */,
			);
			name = Products;
			sourceTree = "<group>";
		};
		6CAC420725143D180065C3F9 /* UICustomizing */ = {
			isa = PBXGroup;
			children = (
				6CAC421C251446E10065C3F9 /* images */,
				6CAC420825143D180065C3F9 /* AppDelegate.swift */,
				6CAC420A25143D180065C3F9 /* SceneDelegate.swift */,
				6CAC420C25143D180065C3F9 /* ViewController.swift */,
				6CAC420E25143D180065C3F9 /* Main.storyboard */,
				6CAC421125143D1A0065C3F9 /* Assets.xcassets */,
				6CAC421325143D1A0065C3F9 /* LaunchScreen.storyboard */,
				6CAC421625143D1A0065C3F9 /* Info.plist */,
				6CAC423F251457FA0065C3F9 /* ListVC.swift */,
				6CAC4241251467DE0065C3F9 /* CustomTabBarController.swift */,
				6CAC4243251481960065C3F9 /* CustomNavigationBar.swift */,
			);
			path = UICustomizing;
			sourceTree = "<group>";
		};
		6CAC421C251446E10065C3F9 /* images */ = {
			isa = PBXGroup;
			children = (
				6CAC4226251447DD0065C3F9 /* arrow-back@2x.png */,
				6CAC422C251447DD0065C3F9 /* heart.png */,
				6CAC421D251447DD0065C3F9 /* icon01.png */,
				6CAC421F251447DD0065C3F9 /* icon02.png */,
				6CAC4225251447DD0065C3F9 /* icon03.png */,
				6CAC4228251447DD0065C3F9 /* icon04.png */,
				6CAC4221251447DD0065C3F9 /* icon05.png */,
				6CAC422B251447DD0065C3F9 /* icon06.png */,
				6CAC4223251447DD0065C3F9 /* idea.png */,
				6CAC422D251447DD0065C3F9 /* korea.png */,
				6CAC422A251447DD0065C3F9 /* message.png */,
				6CAC4229251447DD0065C3F9 /* more.png */,
				6CAC4220251447DD0065C3F9 /* profile.jpg */,
				6CAC4227251447DD0065C3F9 /* rating5@2x.png */,
				6CAC4224251447DD0065C3F9 /* sidemenu.png */,
				6CAC4222251447DD0065C3F9 /* warning.png */,
				6CAC421E251447DD0065C3F9 /* yellowheart.png */,
			);
			path = images;
			sourceTree = "<group>";
		};
/* End PBXGroup section */

/* Begin PBXNativeTarget section */
		6CAC420425143D180065C3F9 /* UICustomizing */ = {
			isa = PBXNativeTarget;
			buildConfigurationList = 6CAC421925143D1A0065C3F9 /* Build configuration list for PBXNativeTarget "UICustomizing" */;
			buildPhases = (
				6CAC420125143D180065C3F9 /* Sources */,
				6CAC420225143D180065C3F9 /* Frameworks */,
				6CAC420325143D180065C3F9 /* Resources */,
			);
			buildRules = (
			);
			dependencies = (
			);
			name = UICustomizing;
			productName = UICustomizing;
			productReference = 6CAC420525143D180065C3F9 /* UICustomizing.app */;
			productType = "com.apple.product-type.application";
		};
/* End PBXNativeTarget section */

/* Begin PBXProject section */
		6CAC41FD25143D170065C3F9 /* Project object */ = {
			isa = PBXProject;
			attributes = {
				LastSwiftUpdateCheck = 1170;
				LastUpgradeCheck = 1170;
				ORGANIZATIONNAME = "Hyun Soo Kim";
				TargetAttributes = {
					6CAC420425143D180065C3F9 = {
						CreatedOnToolsVersion = 11.7;
					};
				};
			};
			buildConfigurationList = 6CAC420025143D170065C3F9 /* Build configuration list for PBXProject "UICustomizing" */;
			compatibilityVersion = "Xcode 9.3";
			developmentRegion = en;
			hasScannedForEncodings = 0;
			knownRegions = (
				en,
				Base,
			);
			mainGroup = 6CAC41FC25143D170065C3F9;
			productRefGroup = 6CAC420625143D180065C3F9 /* Products */;
			projectDirPath = "";
			projectRoot = "";
			targets = (
				6CAC420425143D180065C3F9 /* UICustomizing */,
			);
		};
/* End PBXProject section */

/* Begin PBXResourcesBuildPhase section */
		6CAC420325143D180065C3F9 /* Resources */ = {
			isa = PBXResourcesBuildPhase;
			buildActionMask = 2147483647;
			files = (
				6CAC4235251447DE0065C3F9 /* sidemenu.png in Resources */,
				6CAC421525143D1A0065C3F9 /* LaunchScreen.storyboard in Resources */,
				6CAC4237251447DE0065C3F9 /* arrow-back@2x.png in Resources */,
				6CAC421225143D1A0065C3F9 /* Assets.xcassets in Resources */,
				6CAC421025143D180065C3F9 /* Main.storyboard in Resources */,
				6CAC4232251447DE0065C3F9 /* icon05.png in Resources */,
				6CAC423E251447DE0065C3F9 /* korea.png in Resources */,
				6CAC423C251447DE0065C3F9 /* icon06.png in Resources */,
				6CAC422F251447DE0065C3F9 /* yellowheart.png in Resources */,
				6CAC4230251447DE0065C3F9 /* icon02.png in Resources */,
				6CAC4234251447DE0065C3F9 /* idea.png in Resources */,
				6CAC4238251447DE0065C3F9 /* rating5@2x.png in Resources */,
				6CAC4233251447DE0065C3F9 /* warning.png in Resources */,
				6CAC4236251447DE0065C3F9 /* icon03.png in Resources */,
				6CAC423B251447DE0065C3F9 /* message.png in Resources */,
				6CAC422E251447DE0065C3F9 /* icon01.png in Resources */,
				6CAC4231251447DE0065C3F9 /* profile.jpg in Resources */,
				6CAC423D251447DE0065C3F9 /* heart.png in Resources */,
				6CAC423A251447DE0065C3F9 /* more.png in Resources */,
				6CAC4239251447DE0065C3F9 /* icon04.png in Resources */,
			);
			runOnlyForDeploymentPostprocessing = 0;
		};
/* End PBXResourcesBuildPhase section */

/* Begin PBXSourcesBuildPhase section */
		6CAC420125143D180065C3F9 /* Sources */ = {
			isa = PBXSourcesBuildPhase;
			buildActionMask = 2147483647;
			files = (
				6CAC4244251481960065C3F9 /* CustomNavigationBar.swift in Sources */,
				6CAC4240251457FA0065C3F9 /* ListVC.swift in Sources */,
				6CAC420D25143D180065C3F9 /* ViewController.swift in Sources */,
				6CAC4242251467DE0065C3F9 /* CustomTabBarController.swift in Sources */,
				6CAC420925143D180065C3F9 /* AppDelegate.swift in Sources */,
				6CAC420B25143D180065C3F9 /* SceneDelegate.swift in Sources */,
			);
			runOnlyForDeploymentPostprocessing = 0;
		};
/* End PBXSourcesBuildPhase section */

/* Begin PBXVariantGroup section */
		6CAC420E25143D180065C3F9 /* Main.storyboard */ = {
			isa = PBXVariantGroup;
			children = (
				6CAC420F25143D180065C3F9 /* Base */,
			);
			name = Main.storyboard;
			sourceTree = "<group>";
		};
		6CAC421325143D1A0065C3F9 /* LaunchScreen.storyboard */ = {
			isa = PBXVariantGroup;
			children = (
				6CAC421425143D1A0065C3F9 /* Base */,
			);
			name = LaunchScreen.storyboard;
			sourceTree = "<group>";
		};
/* End PBXVariantGroup section */

/* Begin XCBuildConfiguration section */
		6CAC421725143D1A0065C3F9 /* Debug */ = {
			isa = XCBuildConfiguration;
			buildSettings = {
				ALWAYS_SEARCH_USER_PATHS = NO;
				CLANG_ANALYZER_NONNULL = YES;
				CLANG_ANALYZER_NUMBER_OBJECT_CONVERSION = YES_AGGRESSIVE;
				CLANG_CXX_LANGUAGE_STANDARD = "gnu++14";
				CLANG_CXX_LIBRARY = "libc++";
				CLANG_ENABLE_MODULES = YES;
				CLANG_ENABLE_OBJC_ARC = YES;
				CLANG_ENABLE_OBJC_WEAK = YES;
				CLANG_WARN_BLOCK_CAPTURE_AUTORELEASING = YES;
				CLANG_WARN_BOOL_CONVERSION = YES;
				CLANG_WARN_COMMA = YES;
				CLANG_WARN_CONSTANT_CONVERSION = YES;
				CLANG_WARN_DEPRECATED_OBJC_IMPLEMENTATIONS = YES;
				CLANG_WARN_DIRECT_OBJC_ISA_USAGE = YES_ERROR;
				CLANG_WARN_DOCUMENTATION_COMMENTS = YES;
				CLANG_WARN_EMPTY_BODY = YES;
				CLANG_WARN_ENUM_CONVERSION = YES;
				CLANG_WARN_INFINITE_RECURSION = YES;
				CLANG_WARN_INT_CONVERSION = YES;
				CLANG_WARN_NON_LITERAL_NULL_CONVERSION = YES;
				CLANG_WARN_OBJC_IMPLICIT_RETAIN_SELF = YES;
				CLANG_WARN_OBJC_LITERAL_CONVERSION = YES;
				CLANG_WARN_OBJC_ROOT_CLASS = YES_ERROR;
				CLANG_WARN_RANGE_LOOP_ANALYSIS = YES;
				CLANG_WARN_STRICT_PROTOTYPES = YES;
				CLANG_WARN_SUSPICIOUS_MOVE = YES;
				CLANG_WARN_UNGUARDED_AVAILABILITY = YES_AGGRESSIVE;
				CLANG_WARN_UNREACHABLE_CODE = YES;
				CLANG_WARN__DUPLICATE_METHOD_MATCH = YES;
				COPY_PHASE_STRIP = NO;
				DEBUG_INFORMATION_FORMAT = dwarf;
				ENABLE_STRICT_OBJC_MSGSEND = YES;
				ENABLE_TESTABILITY = YES;
				GCC_C_LANGUAGE_STANDARD = gnu11;
				GCC_DYNAMIC_NO_PIC = NO;
				GCC_NO_COMMON_BLOCKS = YES;
				GCC_OPTIMIZATION_LEVEL = 0;
				GCC_PREPROCESSOR_DEFINITIONS = (
					"DEBUG=1",
					"$(inherited)",
				);
				GCC_WARN_64_TO_32_BIT_CONVERSION = YES;
				GCC_WARN_ABOUT_RETURN_TYPE = YES_ERROR;
				GCC_WARN_UNDECLARED_SELECTOR = YES;
				GCC_WARN_UNINITIALIZED_AUTOS = YES_AGGRESSIVE;
				GCC_WARN_UNUSED_FUNCTION = YES;
				GCC_WARN_UNUSED_VARIABLE = YES;
				IPHONEOS_DEPLOYMENT_TARGET = 13.7;
				MTL_ENABLE_DEBUG_INFO = INCLUDE_SOURCE;
				MTL_FAST_MATH = YES;
				ONLY_ACTIVE_ARCH = YES;
				SDKROOT = iphoneos;
				SWIFT_ACTIVE_COMPILATION_CONDITIONS = DEBUG;
				SWIFT_OPTIMIZATION_LEVEL = "-Onone";
			};
			name = Debug;
		};
		6CAC421825143D1A0065C3F9 /* Release */ = {
			isa = XCBuildConfiguration;
			buildSettings = {
				ALWAYS_SEARCH_USER_PATHS = NO;
				CLANG_ANALYZER_NONNULL = YES;
				CLANG_ANALYZER_NUMBER_OBJECT_CONVERSION = YES_AGGRESSIVE;
				CLANG_CXX_LANGUAGE_STANDARD = "gnu++14";
				CLANG_CXX_LIBRARY = "libc++";
				CLANG_ENABLE_MODULES = YES;
				CLANG_ENABLE_OBJC_ARC = YES;
				CLANG_ENABLE_OBJC_WEAK = YES;
				CLANG_WARN_BLOCK_CAPTURE_AUTORELEASING = YES;
				CLANG_WARN_BOOL_CONVERSION = YES;
				CLANG_WARN_COMMA = YES;
				CLANG_WARN_CONSTANT_CONVERSION = YES;
				CLANG_WARN_DEPRECATED_OBJC_IMPLEMENTATIONS = YES;
				CLANG_WARN_DIRECT_OBJC_ISA_USAGE = YES_ERROR;
				CLANG_WARN_DOCUMENTATION_COMMENTS = YES;
				CLANG_WARN_EMPTY_BODY = YES;
				CLANG_WARN_ENUM_CONVERSION = YES;
				CLANG_WARN_INFINITE_RECURSION = YES;
				CLANG_WARN_INT_CONVERSION = YES;
				CLANG_WARN_NON_LITERAL_NULL_CONVERSION = YES;
				CLANG_WARN_OBJC_IMPLICIT_RETAIN_SELF = YES;
				CLANG_WARN_OBJC_LITERAL_CONVERSION = YES;
				CLANG_WARN_OBJC_ROOT_CLASS = YES_ERROR;
				CLANG_WARN_RANGE_LOOP_ANALYSIS = YES;
				CLANG_WARN_STRICT_PROTOTYPES = YES;
				CLANG_WARN_SUSPICIOUS_MOVE = YES;
				CLANG_WARN_UNGUARDED_AVAILABILITY = YES_AGGRESSIVE;
				CLANG_WARN_UNREACHABLE_CODE = YES;
				CLANG_WARN__DUPLICATE_METHOD_MATCH = YES;
				COPY_PHASE_STRIP = NO;
				DEBUG_INFORMATION_FORMAT = "dwarf-with-dsym";
				ENABLE_NS_ASSERTIONS = NO;
				ENABLE_STRICT_OBJC_MSGSEND = YES;
				GCC_C_LANGUAGE_STANDARD = gnu11;
				GCC_NO_COMMON_BLOCKS = YES;
				GCC_WARN_64_TO_32_BIT_CONVERSION = YES;
				GCC_WARN_ABOUT_RETURN_TYPE = YES_ERROR;
				GCC_WARN_UNDECLARED_SELECTOR = YES;
				GCC_WARN_UNINITIALIZED_AUTOS = YES_AGGRESSIVE;
				GCC_WARN_UNUSED_FUNCTION = YES;
				GCC_WARN_UNUSED_VARIABLE = YES;
				IPHONEOS_DEPLOYMENT_TARGET = 13.7;
				MTL_ENABLE_DEBUG_INFO = NO;
				MTL_FAST_MATH = YES;
				SDKROOT = iphoneos;
				SWIFT_COMPILATION_MODE = wholemodule;
				SWIFT_OPTIMIZATION_LEVEL = "-O";
				VALIDATE_PRODUCT = YES;
			};
			name = Release;
		};
		6CAC421A25143D1A0065C3F9 /* Debug */ = {
			isa = XCBuildConfiguration;
			buildSettings = {
				ASSETCATALOG_COMPILER_APPICON_NAME = AppIcon;
				CODE_SIGN_STYLE = Automatic;
				DEVELOPMENT_TEAM = 59RGUS3272;
				INFOPLIST_FILE = UICustomizing/Info.plist;
				LD_RUNPATH_SEARCH_PATHS = (
					"$(inherited)",
					"@executable_path/Frameworks",
				);
				PRODUCT_BUNDLE_IDENTIFIER = com.hs.UICustomizing;
				PRODUCT_NAME = "$(TARGET_NAME)";
				SWIFT_VERSION = 5.0;
				TARGETED_DEVICE_FAMILY = "1,2";
			};
			name = Debug;
		};
		6CAC421B25143D1A0065C3F9 /* Release */ = {
			isa = XCBuildConfiguration;
			buildSettings = {
				ASSETCATALOG_COMPILER_APPICON_NAME = AppIcon;
				CODE_SIGN_STYLE = Automatic;
				DEVELOPMENT_TEAM = 59RGUS3272;
				INFOPLIST_FILE = UICustomizing/Info.plist;
				LD_RUNPATH_SEARCH_PATHS = (
					"$(inherited)",
					"@executable_path/Frameworks",
				);
				PRODUCT_BUNDLE_IDENTIFIER = com.hs.UICustomizing;
				PRODUCT_NAME = "$(TARGET_NAME)";
				SWIFT_VERSION = 5.0;
				TARGETED_DEVICE_FAMILY = "1,2";
			};
			name = Release;
		};
/* End XCBuildConfiguration section */

/* Begin XCConfigurationList section */
		6CAC420025143D170065C3F9 /* Build configuration list for PBXProject "UICustomizing" */ = {
			isa = XCConfigurationList;
			buildConfigurations = (
				6CAC421725143D1A0065C3F9 /* Debug */,
				6CAC421825143D1A0065C3F9 /* Release */,
			);
			defaultConfigurationIsVisible = 0;
			defaultConfigurationName = Release;
		};
		6CAC421925143D1A0065C3F9 /* Build configuration list for PBXNativeTarget "UICustomizing" */ = {
			isa = XCConfigurationList;
			buildConfigurations = (
				6CAC421A25143D1A0065C3F9 /* Debug */,
				6CAC421B25143D1A0065C3F9 /* Release */,
			);
			defaultConfigurationIsVisible = 0;
			defaultConfigurationName = Release;
		};
/* End XCConfigurationList section */
	};
	rootObject = 6CAC41FD25143D170065C3F9 /* Project object */;
}
